{
  "name": "developers-games-santander",
  "lockfileVersion": 2,
  "requires": true,
  "packages": {
    "": {
      "dependencies": {
        "jszip-utils": "^0.1.0"
      }
    },
    "node_modules/jszip-utils": {
      "version": "0.1.0",
      "resolved": "https://registry.npmjs.org/jszip-utils/-/jszip-utils-0.1.0.tgz",
      "integrity": "sha512-tBNe0o3HAf8vo0BrOYnLPnXNo5A3KsRMnkBFYjh20Y3GPYGfgyoclEMgvVchx0nnL+mherPi74yLPIusHUQpZg=="
    }
  },
  "dependencies": {
    "jszip-utils": {
      "version": "0.1.0",
      "resolved": "https://registry.npmjs.org/jszip-utils/-/jszip-utils-0.1.0.tgz",
      "integrity": "sha512-tBNe0o3HAf8vo0BrOYnLPnXNo5A3KsRMnkBFYjh20Y3GPYGfgyoclEMgvVchx0nnL+mherPi74yLPIusHUQpZg=="
    }
  }
}
